{
  "version": 4,
  "terraform_version": "1.6.4",
  "serial": 7,
  "lineage": "f93ce428-1869-1ad4-f7d2-4687cdd23327",
  "outputs": {
    "arn": {
      "value": "arn:aws:ec2:us-east-1:167106252987:instance/i-07702abc172b230f8",
      "type": "string"
    },
    "public_ip": {
      "value": "54.237.131.122",
      "type": "string"
    }
  },
  "resources": [
    {
      "mode": "managed",
      "type": "aws_default_vpc",
      "name": "default_vpc",
      "provider": "provider[\"registry.terraform.io/hashicorp/aws\"]",
      "instances": [
        {
          "schema_version": 1,
          "attributes": {
            "arn": "arn:aws:ec2:us-east-1:167106252987:vpc/vpc-0416b8e755ba81c47",
            "assign_generated_ipv6_cidr_block": false,
            "cidr_block": "172.31.0.0/16",
            "default_network_acl_id": "acl-093702bc843a334e0",
            "default_route_table_id": "rtb-00746287845a11e64",
            "default_security_group_id": "sg-0aa07edd38891292c",
            "dhcp_options_id": "dopt-0923718735615aaa9",
            "enable_classiclink": false,
            "enable_classiclink_dns_support": false,
            "enable_dns_hostnames": true,
            "enable_dns_support": true,
            "id": "vpc-0416b8e755ba81c47",
            "instance_tenancy": "default",
            "ipv6_association_id": "",
            "ipv6_cidr_block": "",
            "main_route_table_id": "rtb-00746287845a11e64",
            "owner_id": "167106252987",
            "tags": {},
            "tags_all": {}
          },
          "sensitive_attributes": [],
          "private": "eyJzY2hlbWFfdmVyc2lvbiI6IjEifQ=="
        }
      ]
    },
    {
      "mode": "managed",
      "type": "aws_instance",
      "name": "ec2_instance",
      "provider": "provider[\"registry.terraform.io/hashicorp/aws\"]",
      "instances": [
        {
          "schema_version": 1,
          "attributes": {
            "ami": "ami-0230bd60aa48260c6",
            "arn": "arn:aws:ec2:us-east-1:167106252987:instance/i-07702abc172b230f8",
            "associate_public_ip_address": true,
            "availability_zone": "us-east-1c",
            "cpu_core_count": 1,
            "cpu_threads_per_core": 1,
            "credit_specification": [
              {
                "cpu_credits": "standard"
              }
            ],
            "disable_api_termination": false,
            "ebs_block_device": [],
            "ebs_optimized": false,
            "enclave_options": [
              {
                "enabled": false
              }
            ],
            "ephemeral_block_device": [],
            "get_password_data": false,
            "hibernation": false,
            "host_id": null,
            "iam_instance_profile": "",
            "id": "i-07702abc172b230f8",
            "instance_initiated_shutdown_behavior": null,
            "instance_state": "running",
            "instance_type": "t2.micro",
            "ipv6_address_count": 0,
            "ipv6_addresses": [],
            "key_name": "bhaskar_key",
            "metadata_options": [
              {
                "http_endpoint": "enabled",
                "http_put_response_hop_limit": 2,
                "http_tokens": "required"
              }
            ],
            "monitoring": false,
            "network_interface": [],
            "outpost_arn": "",
            "password_data": "",
            "placement_group": "",
            "primary_network_interface_id": "eni-08e62d718abb513f5",
            "private_dns": "ip-172-31-37-132.ec2.internal",
            "private_ip": "172.31.37.132",
            "public_dns": "ec2-54-237-131-122.compute-1.amazonaws.com",
            "public_ip": "54.237.131.122",
            "root_block_device": [
              {
                "delete_on_termination": true,
                "device_name": "/dev/xvda",
                "encrypted": false,
                "iops": 3000,
                "kms_key_id": "",
                "tags": {},
                "throughput": 125,
                "volume_id": "vol-08f90997b2f630bc0",
                "volume_size": 8,
                "volume_type": "gp3"
              }
            ],
            "secondary_private_ips": [],
            "security_groups": [
              "allow_ssh"
            ],
            "source_dest_check": true,
            "subnet_id": "subnet-01a8be9cc30df9454",
            "tags": {
              "name": "bhaskar ec2"
            },
            "tenancy": "default",
            "timeouts": null,
            "user_data": null,
            "user_data_base64": null,
            "volume_tags": null,
            "vpc_security_group_ids": [
              "sg-0bd6a761ad92a0c19"
            ]
          },
          "sensitive_attributes": [],
          "private": "eyJlMmJmYjczMC1lY2FhLTExZTYtOGY4OC0zNDM2M2JjN2M0YzAiOnsiY3JlYXRlIjo2MDAwMDAwMDAwMDAsImRlbGV0ZSI6MTIwMDAwMDAwMDAwMCwidXBkYXRlIjo2MDAwMDAwMDAwMDB9LCJzY2hlbWFfdmVyc2lvbiI6IjEifQ==",
          "dependencies": [
            "aws_default_vpc.default_vpc",
            "aws_key_pair.key",
            "aws_security_group.allow_ssh"
          ]
        }
      ]
    },
    {
      "mode": "managed",
      "type": "aws_key_pair",
      "name": "key",
      "provider": "provider[\"registry.terraform.io/hashicorp/aws\"]",
      "instances": [
        {
          "schema_version": 1,
          "attributes": {
            "arn": "arn:aws:ec2:us-east-1:167106252987:key-pair/bhaskar_key",
            "fingerprint": "be:64:d9:2f:d9:61:1c:10:d6:d9:28:f8:8b:92:82:e5",
            "id": "bhaskar_key",
            "key_name": "bhaskar_key",
            "key_name_prefix": null,
            "key_pair_id": "key-0e96c77cfaec50edd",
            "public_key": "ssh-rsa AAAAB3NzaC1yc2EAAAADAQABAAABgQDizi9lUtw1yG1lS+xYsWtuxpOOYJ8wnh0M5MO6hCPVt+hsA2tdNbcAPZLLxpwhY/5kJafDlgWpEzgj+ruYMERFPcXz7iJ4o3SiyWwrFNtiWDHTn8k2pvL1zut5bdT2XYAw7X82y6d5ygIoNwalMFUfL5uEW+1qWsp57wRRnBbOCXBkd41HMV/nSHxPG2Lya8RxvecoaXPDRbDGoKon+LSqpqG1twiX+B2aSMRUv/YEFTOJZ3K13NYewSbCyGwhec+Q2ThTfp2ha0NguG0bF5NwBfCUpsXnOHVNSlTduv1yFg8/+CofYORlm9equLcHfcHsu+qVBLqeMJ7qty5+94dLTk/ORR+QQlqkbAGLT9DExKAzh1YTIDOdeoBcZxJdC23KObJkxb8z3qcjmX6Ht/x0G0ua3Fgmur9UkclfQzVNmFMih6bdb/YnkA5gZ2dGqIDLSkcj4aGhusMJyM9mzzVPBU5Qq88bIK+Ya2u/NbIRMP35q9YsoZyXjMlx0azKNTk= root@ip-172-31-52-33",
            "tags": {}
          },
          "sensitive_attributes": [],
          "private": "eyJzY2hlbWFfdmVyc2lvbiI6IjEifQ=="
        }
      ]
    },
    {
      "mode": "managed",
      "type": "aws_security_group",
      "name": "allow_ssh",
      "provider": "provider[\"registry.terraform.io/hashicorp/aws\"]",
      "instances": [
        {
          "schema_version": 1,
          "attributes": {
            "arn": "arn:aws:ec2:us-east-1:167106252987:security-group/sg-0bd6a761ad92a0c19",
            "description": "Allow ssh inbound traffic",
            "egress": [],
            "id": "sg-0bd6a761ad92a0c19",
            "ingress": [
              {
                "cidr_blocks": [
                  "0.0.0.0/0"
                ],
                "description": "TLS from VPC",
                "from_port": 22,
                "ipv6_cidr_blocks": [],
                "prefix_list_ids": [],
                "protocol": "tcp",
                "security_groups": [],
                "self": false,
                "to_port": 22
              }
            ],
            "name": "allow_ssh",
            "name_prefix": "",
            "owner_id": "167106252987",
            "revoke_rules_on_delete": false,
            "tags": {
              "Name": "allow_ssh"
            },
            "timeouts": null,
            "vpc_id": "vpc-0416b8e755ba81c47"
          },
          "sensitive_attributes": [],
          "private": "eyJlMmJmYjczMC1lY2FhLTExZTYtOGY4OC0zNDM2M2JjN2M0YzAiOnsiY3JlYXRlIjo2MDAwMDAwMDAwMDAsImRlbGV0ZSI6OTAwMDAwMDAwMDAwfSwic2NoZW1hX3ZlcnNpb24iOiIxIn0=",
          "dependencies": [
            "aws_default_vpc.default_vpc"
          ]
        }
      ]
    }
  ],
  "check_results": null
}
